
Microsoft Visual Studio Solution File, Format Version 12.00
# Visual Studio Version 17
VisualStudioVersion = 17.2.32630.192
MinimumVisualStudioVersion = 10.0.40219.1
Project("{2150E333-8FDC-42A3-9474-1A3956D46DE8}") = "FrontEnd", "FrontEnd", "{BDCD6B9F-178F-4AF8-9530-BE3E4980C13B}"
EndProject
Project("{2150E333-8FDC-42A3-9474-1A3956D46DE8}") = "Services", "Services", "{E22DD0F5-4C41-4652-BA9D-45B45A7694D8}"
EndProject
Project("{9A19103F-16F7-4668-BE54-9A1E7A4F7556}") = "GeekShopping.Web", "GeekShopping.Web\GeekShopping.Web.csproj", "{E63C4E5E-EEA5-4092-95C6-3CAEE2E74646}"
EndProject
Project("{9A19103F-16F7-4668-BE54-9A1E7A4F7556}") = "GeekShopping.ProductAPI", "GeekShopping.ProductAPI\GeekShopping.ProductAPI.csproj", "{70505A80-2A11-447B-BF61-E7C69DB8DFE4}"
EndProject
Project("{9A19103F-16F7-4668-BE54-9A1E7A4F7556}") = "GeekShopping.IdentityServer", "GeekShopping.IdentityServer\GeekShopping.IdentityServer.csproj", "{7723F1D3-8A6D-4716-A6EF-0DB0B32C771F}"
EndProject
Project("{9A19103F-16F7-4668-BE54-9A1E7A4F7556}") = "GeekShopping.CartAPI", "GeekShopping.CartAPI\GeekShopping.CartAPI.csproj", "{7200A809-8C70-4173-BC1E-E39C6887905B}"
EndProject
Project("{FAE04EC0-301F-11D3-BF4B-00C04F79EFBC}") = "GeekShopping.CouponAPI", "GeekShopping.CouponAPI\GeekShopping.CouponAPI.csproj", "{37E235F9-0CBB-4EBC-B34A-1D9449067C4B}"
EndProject
Global
	GlobalSection(SolutionConfigurationPlatforms) = preSolution
		Debug|Any CPU = Debug|Any CPU
		Release|Any CPU = Release|Any CPU
	EndGlobalSection
	GlobalSection(ProjectConfigurationPlatforms) = postSolution
		{E63C4E5E-EEA5-4092-95C6-3CAEE2E74646}.Debug|Any CPU.ActiveCfg = Debug|Any CPU
		{E63C4E5E-EEA5-4092-95C6-3CAEE2E74646}.Debug|Any CPU.Build.0 = Debug|Any CPU
		{E63C4E5E-EEA5-4092-95C6-3CAEE2E74646}.Release|Any CPU.ActiveCfg = Release|Any CPU
		{E63C4E5E-EEA5-4092-95C6-3CAEE2E74646}.Release|Any CPU.Build.0 = Release|Any CPU
		{70505A80-2A11-447B-BF61-E7C69DB8DFE4}.Debug|Any CPU.ActiveCfg = Debug|Any CPU
		{70505A80-2A11-447B-BF61-E7C69DB8DFE4}.Debug|Any CPU.Build.0 = Debug|Any CPU
		{70505A80-2A11-447B-BF61-E7C69DB8DFE4}.Release|Any CPU.ActiveCfg = Release|Any CPU
		{70505A80-2A11-447B-BF61-E7C69DB8DFE4}.Release|Any CPU.Build.0 = Release|Any CPU
		{7723F1D3-8A6D-4716-A6EF-0DB0B32C771F}.Debug|Any CPU.ActiveCfg = Debug|Any CPU
		{7723F1D3-8A6D-4716-A6EF-0DB0B32C771F}.Debug|Any CPU.Build.0 = Debug|Any CPU
		{7723F1D3-8A6D-4716-A6EF-0DB0B32C771F}.Release|Any CPU.ActiveCfg = Release|Any CPU
		{7723F1D3-8A6D-4716-A6EF-0DB0B32C771F}.Release|Any CPU.Build.0 = Release|Any CPU
		{7200A809-8C70-4173-BC1E-E39C6887905B}.Debug|Any CPU.ActiveCfg = Debug|Any CPU
		{7200A809-8C70-4173-BC1E-E39C6887905B}.Debug|Any CPU.Build.0 = Debug|Any CPU
		{7200A809-8C70-4173-BC1E-E39C6887905B}.Release|Any CPU.ActiveCfg = Release|Any CPU
		{7200A809-8C70-4173-BC1E-E39C6887905B}.Release|Any CPU.Build.0 = Release|Any CPU
		{37E235F9-0CBB-4EBC-B34A-1D9449067C4B}.Debug|Any CPU.ActiveCfg = Debug|Any CPU
		{37E235F9-0CBB-4EBC-B34A-1D9449067C4B}.Debug|Any CPU.Build.0 = Debug|Any CPU
		{37E235F9-0CBB-4EBC-B34A-1D9449067C4B}.Release|Any CPU.ActiveCfg = Release|Any CPU
		{37E235F9-0CBB-4EBC-B34A-1D9449067C4B}.Release|Any CPU.Build.0 = Release|Any CPU
	EndGlobalSection
	GlobalSection(SolutionProperties) = preSolution
		HideSolutionNode = FALSE
	EndGlobalSection
	GlobalSection(NestedProjects) = preSolution
		{E63C4E5E-EEA5-4092-95C6-3CAEE2E74646} = {BDCD6B9F-178F-4AF8-9530-BE3E4980C13B}
		{70505A80-2A11-447B-BF61-E7C69DB8DFE4} = {E22DD0F5-4C41-4652-BA9D-45B45A7694D8}
		{7723F1D3-8A6D-4716-A6EF-0DB0B32C771F} = {E22DD0F5-4C41-4652-BA9D-45B45A7694D8}
		{7200A809-8C70-4173-BC1E-E39C6887905B} = {E22DD0F5-4C41-4652-BA9D-45B45A7694D8}
		{37E235F9-0CBB-4EBC-B34A-1D9449067C4B} = {E22DD0F5-4C41-4652-BA9D-45B45A7694D8}
	EndGlobalSection
	GlobalSection(ExtensibilityGlobals) = postSolution
		SolutionGuid = {14DDDA1F-B2D6-4EF3-A293-ECC6A316B979}
	EndGlobalSection
EndGlobal
